// !$*UTF8*$!
{
	archiveVersion = 1;
	classes = {
	};
	objectVersion = 46;
	objects = {

/* Begin PBXBuildFile section */
		D35BABD31E5E91270035DDFC /* main.m in Sources */ = {isa = PBXBuildFile; fileRef = D35BABD21E5E91270035DDFC /* main.m */; };
		D35BABD81E5E91270035DDFC /* MainMenu.xib in Resources */ = {isa = PBXBuildFile; fileRef = D35BABD61E5E91270035DDFC /* MainMenu.xib */; };
		D35BABEF1E5E91D90035DDFC /* Account.m in Sources */ = {isa = PBXBuildFile; fileRef = D35BABE01E5E91D90035DDFC /* Account.m */; };
		D35BABF01E5E91D90035DDFC /* Attachment.m in Sources */ = {isa = PBXBuildFile; fileRef = D35BABE21E5E91D90035DDFC /* Attachment.m */; };
		D35BABF11E5E91D90035DDFC /* FeedsManager.m in Sources */ = {isa = PBXBuildFile; fileRef = D35BABE41E5E91D90035DDFC /* FeedsManager.m */; };
		D35BABF21E5E91D90035DDFC /* Like.m in Sources */ = {isa = PBXBuildFile; fileRef = D35BABE61E5E91D90035DDFC /* Like.m */; };
		D35BABF31E5E91DA0035DDFC /* Post.m in Sources */ = {isa = PBXBuildFile; fileRef = D35BABE81E5E91D90035DDFC /* Post.m */; };
		D35BABF41E5E91DA0035DDFC /* PostComment.m in Sources */ = {isa = PBXBuildFile; fileRef = D35BABEA1E5E91D90035DDFC /* PostComment.m */; };
		D35BABF61E5E91DA0035DDFC /* User.m in Sources */ = {isa = PBXBuildFile; fileRef = D35BABEE1E5E91D90035DDFC /* User.m */; };
/* End PBXBuildFile section */

/* Begin PBXFileReference section */
		D35BABCB1E5E91270035DDFC /* FaceBook.app */ = {isa = PBXFileReference; explicitFileType = wrapper.application; includeInIndex = 0; path = FaceBook.app; sourceTree = BUILT_PRODUCTS_DIR; };
		D35BABD21E5E91270035DDFC /* main.m */ = {isa = PBXFileReference; lastKnownFileType = sourcecode.c.objc; path = main.m; sourceTree = "<group>"; tabWidth = 3; };
		D35BABD71E5E91270035DDFC /* Base */ = {isa = PBXFileReference; lastKnownFileType = file.xib; name = Base; path = Base.lproj/MainMenu.xib; sourceTree = "<group>"; };
		D35BABD91E5E91270035DDFC /* Info.plist */ = {isa = PBXFileReference; lastKnownFileType = text.plist.xml; path = Info.plist; sourceTree = "<group>"; };
		D35BABDF1E5E91D90035DDFC /* Account.h */ = {isa = PBXFileReference; fileEncoding = 4; lastKnownFileType = sourcecode.c.h; path = Account.h; sourceTree = "<group>"; };
		D35BABE01E5E91D90035DDFC /* Account.m */ = {isa = PBXFileReference; fileEncoding = 4; lastKnownFileType = sourcecode.c.objc; path = Account.m; sourceTree = "<group>"; };
		D35BABE11E5E91D90035DDFC /* Attachment.h */ = {isa = PBXFileReference; fileEncoding = 4; lastKnownFileType = sourcecode.c.h; path = Attachment.h; sourceTree = "<group>"; };
		D35BABE21E5E91D90035DDFC /* Attachment.m */ = {isa = PBXFileReference; fileEncoding = 4; lastKnownFileType = sourcecode.c.objc; path = Attachment.m; sourceTree = "<group>"; };
		D35BABE31E5E91D90035DDFC /* FeedsManager.h */ = {isa = PBXFileReference; fileEncoding = 4; lastKnownFileType = sourcecode.c.h; path = FeedsManager.h; sourceTree = "<group>"; };
		D35BABE41E5E91D90035DDFC /* FeedsManager.m */ = {isa = PBXFileReference; fileEncoding = 4; lastKnownFileType = sourcecode.c.objc; path = FeedsManager.m; sourceTree = "<group>"; };
		D35BABE51E5E91D90035DDFC /* Like.h */ = {isa = PBXFileReference; fileEncoding = 4; lastKnownFileType = sourcecode.c.h; path = Like.h; sourceTree = "<group>"; };
		D35BABE61E5E91D90035DDFC /* Like.m */ = {isa = PBXFileReference; fileEncoding = 4; lastKnownFileType = sourcecode.c.objc; path = Like.m; sourceTree = "<group>"; };
		D35BABE71E5E91D90035DDFC /* Post.h */ = {isa = PBXFileReference; fileEncoding = 4; lastKnownFileType = sourcecode.c.h; path = Post.h; sourceTree = "<group>"; };
		D35BABE81E5E91D90035DDFC /* Post.m */ = {isa = PBXFileReference; fileEncoding = 4; lastKnownFileType = sourcecode.c.objc; path = Post.m; sourceTree = "<group>"; };
		D35BABE91E5E91D90035DDFC /* PostComment.h */ = {isa = PBXFileReference; fileEncoding = 4; lastKnownFileType = sourcecode.c.h; path = PostComment.h; sourceTree = "<group>"; };
		D35BABEA1E5E91D90035DDFC /* PostComment.m */ = {isa = PBXFileReference; fileEncoding = 4; lastKnownFileType = sourcecode.c.objc; path = PostComment.m; sourceTree = "<group>"; };
		D35BABED1E5E91D90035DDFC /* User.h */ = {isa = PBXFileReference; fileEncoding = 4; lastKnownFileType = sourcecode.c.h; path = User.h; sourceTree = "<group>"; };
		D35BABEE1E5E91D90035DDFC /* User.m */ = {isa = PBXFileReference; fileEncoding = 4; lastKnownFileType = sourcecode.c.objc; path = User.m; sourceTree = "<group>"; };
/* End PBXFileReference section */

/* Begin PBXFrameworksBuildPhase section */
		D35BABC81E5E91270035DDFC /* Frameworks */ = {
			isa = PBXFrameworksBuildPhase;
			buildActionMask = 2147483647;
			files = (
			);
			runOnlyForDeploymentPostprocessing = 0;
		};
/* End PBXFrameworksBuildPhase section */

/* Begin PBXGroup section */
		D35BABC21E5E91270035DDFC = {
			isa = PBXGroup;
			children = (
				D35BABCD1E5E91270035DDFC /* FaceBook */,
				D35BABCC1E5E91270035DDFC /* Products */,
			);
			sourceTree = "<group>";
		};
		D35BABCC1E5E91270035DDFC /* Products */ = {
			isa = PBXGroup;
			children = (
				D35BABCB1E5E91270035DDFC /* FaceBook.app */,
			);
			name = Products;
			sourceTree = "<group>";
		};
		D35BABCD1E5E91270035DDFC /* FaceBook */ = {
			isa = PBXGroup;
			children = (
				D35BABD61E5E91270035DDFC /* MainMenu.xib */,
				D35BABD91E5E91270035DDFC /* Info.plist */,
				D35BABD11E5E91270035DDFC /* Supporting Files */,
			);
			path = FaceBook;
			sourceTree = "<group>";
		};
		D35BABD11E5E91270035DDFC /* Supporting Files */ = {
			isa = PBXGroup;
			children = (
				D35BABD21E5E91270035DDFC /* main.m */,
				D35BABDF1E5E91D90035DDFC /* Account.h */,
				D35BABE01E5E91D90035DDFC /* Account.m */,
				D35BABE11E5E91D90035DDFC /* Attachment.h */,
				D35BABE21E5E91D90035DDFC /* Attachment.m */,
				D35BABE31E5E91D90035DDFC /* FeedsManager.h */,
				D35BABE41E5E91D90035DDFC /* FeedsManager.m */,
				D35BABE51E5E91D90035DDFC /* Like.h */,
				D35BABE61E5E91D90035DDFC /* Like.m */,
				D35BABE71E5E91D90035DDFC /* Post.h */,
				D35BABE81E5E91D90035DDFC /* Post.m */,
				D35BABE91E5E91D90035DDFC /* PostComment.h */,
				D35BABEA1E5E91D90035DDFC /* PostComment.m */,
				D35BABED1E5E91D90035DDFC /* User.h */,
				D35BABEE1E5E91D90035DDFC /* User.m */,
			);
			name = "Supporting Files";
			sourceTree = "<group>";
		};
/* End PBXGroup section */

/* Begin PBXNativeTarget section */
		D35BABCA1E5E91270035DDFC /* FaceBook */ = {
			isa = PBXNativeTarget;
			buildConfigurationList = D35BABDC1E5E91270035DDFC /* Build configuration list for PBXNativeTarget "FaceBook" */;
			buildPhases = (
				D35BABC71E5E91270035DDFC /* Sources */,
				D35BABC81E5E91270035DDFC /* Frameworks */,
				D35BABC91E5E91270035DDFC /* Resources */,
			);
			buildRules = (
			);
			dependencies = (
			);
			name = FaceBook;
			productName = FaceBook;
			productReference = D35BABCB1E5E91270035DDFC /* FaceBook.app */;
			productType = "com.apple.product-type.application";
		};
/* End PBXNativeTarget section */

/* Begin PBXProject section */
		D35BABC31E5E91270035DDFC /* Project object */ = {
			isa = PBXProject;
			attributes = {
				LastUpgradeCheck = 0800;
				ORGANIZATIONNAME = sherry;
				TargetAttributes = {
					D35BABCA1E5E91270035DDFC = {
						CreatedOnToolsVersion = 8.0;
						ProvisioningStyle = Automatic;
					};
				};
			};
			buildConfigurationList = D35BABC61E5E91270035DDFC /* Build configuration list for PBXProject "FaceBook" */;
			compatibilityVersion = "Xcode 3.2";
			developmentRegion = English;
			hasScannedForEncodings = 0;
			knownRegions = (
				en,
				Base,
			);
			mainGroup = D35BABC21E5E91270035DDFC;
			productRefGroup = D35BABCC1E5E91270035DDFC /* Products */;
			projectDirPath = "";
			projectRoot = "";
			targets = (
				D35BABCA1E5E91270035DDFC /* FaceBook */,
			);
		};
/* End PBXProject section */

/* Begin PBXResourcesBuildPhase section */
		D35BABC91E5E91270035DDFC /* Resources */ = {
			isa = PBXResourcesBuildPhase;
			buildActionMask = 2147483647;
			files = (
				D35BABD81E5E91270035DDFC /* MainMenu.xib in Resources */,
			);
			runOnlyForDeploymentPostprocessing = 0;
		};
/* End PBXResourcesBuildPhase section */

/* Begin PBXSourcesBuildPhase section */
		D35BABC71E5E91270035DDFC /* Sources */ = {
			isa = PBXSourcesBuildPhase;
			buildActionMask = 2147483647;
			files = (
				D35BABF61E5E91DA0035DDFC /* User.m in Sources */,
				D35BABF01E5E91D90035DDFC /* Attachment.m in Sources */,
				D35BABF41E5E91DA0035DDFC /* PostComment.m in Sources */,
				D35BABEF1E5E91D90035DDFC /* Account.m in Sources */,
				D35BABD31E5E91270035DDFC /* main.m in Sources */,
				D35BABF21E5E91D90035DDFC /* Like.m in Sources */,
				D35BABF11E5E91D90035DDFC /* FeedsManager.m in Sources */,
				D35BABF31E5E91DA0035DDFC /* Post.m in Sources */,
			);
			runOnlyForDeploymentPostprocessing = 0;
		};
/* End PBXSourcesBuildPhase section */

/* Begin PBXVariantGroup section */
		D35BABD61E5E91270035DDFC /* MainMenu.xib */ = {
			isa = PBXVariantGroup;
			children = (
				D35BABD71E5E91270035DDFC /* Base */,
			);
			name = MainMenu.xib;
			sourceTree = "<group>";
		};
/* End PBXVariantGroup section */

/* Begin XCBuildConfiguration section */
		D35BABDA1E5E91270035DDFC /* Debug */ = {
			isa = XCBuildConfiguration;
			buildSettings = {
				ALWAYS_SEARCH_USER_PATHS = NO;
				CLANG_ANALYZER_NONNULL = YES;
				CLANG_CXX_LANGUAGE_STANDARD = "gnu++0x";
				CLANG_CXX_LIBRARY = "libc++";
				CLANG_ENABLE_MODULES = YES;
				CLANG_ENABLE_OBJC_ARC = YES;
				CLANG_WARN_BOOL_CONVERSION = YES;
				CLANG_WARN_CONSTANT_CONVERSION = YES;
				CLANG_WARN_DIRECT_OBJC_ISA_USAGE = YES_ERROR;
				CLANG_WARN_DOCUMENTATION_COMMENTS = YES;
				CLANG_WARN_EMPTY_BODY = YES;
				CLANG_WARN_ENUM_CONVERSION = YES;
				CLANG_WARN_INFINITE_RECURSION = YES;
				CLANG_WARN_INT_CONVERSION = YES;
				CLANG_WARN_OBJC_ROOT_CLASS = YES_ERROR;
				CLANG_WARN_SUSPICIOUS_MOVES = YES;
				CLANG_WARN_UNREACHABLE_CODE = YES;
				CLANG_WARN__DUPLICATE_METHOD_MATCH = YES;
				CODE_SIGN_IDENTITY = "-";
				COPY_PHASE_STRIP = NO;
				DEBUG_INFORMATION_FORMAT = dwarf;
				ENABLE_STRICT_OBJC_MSGSEND = YES;
				ENABLE_TESTABILITY = YES;
				GCC_C_LANGUAGE_STANDARD = gnu99;
				GCC_DYNAMIC_NO_PIC = NO;
				GCC_NO_COMMON_BLOCKS = YES;
				GCC_OPTIMIZATION_LEVEL = 0;
				GCC_PREPROCESSOR_DEFINITIONS = (
					"DEBUG=1",
					"$(inherited)",
				);
				GCC_WARN_64_TO_32_BIT_CONVERSION = YES;
				GCC_WARN_ABOUT_RETURN_TYPE = YES_ERROR;
				GCC_WARN_UNDECLARED_SELECTOR = YES;
				GCC_WARN_UNINITIALIZED_AUTOS = YES_AGGRESSIVE;
				GCC_WARN_UNUSED_FUNCTION = YES;
				GCC_WARN_UNUSED_VARIABLE = YES;
				MACOSX_DEPLOYMENT_TARGET = 10.11;
				MTL_ENABLE_DEBUG_INFO = YES;
				ONLY_ACTIVE_ARCH = YES;
				SDKROOT = macosx;
			};
			name = Debug;
		};
		D35BABDB1E5E91270035DDFC /* Release */ = {
			isa = XCBuildConfiguration;
			buildSettings = {
				ALWAYS_SEARCH_USER_PATHS = NO;
				CLANG_ANALYZER_NONNULL = YES;
				CLANG_CXX_LANGUAGE_STANDARD = "gnu++0x";
				CLANG_CXX_LIBRARY = "libc++";
				CLANG_ENABLE_MODULES = YES;
				CLANG_ENABLE_OBJC_ARC = YES;
				CLANG_WARN_BOOL_CONVERSION = YES;
				CLANG_WARN_CONSTANT_CONVERSION = YES;
				CLANG_WARN_DIRECT_OBJC_ISA_USAGE = YES_ERROR;
				CLANG_WARN_DOCUMENTATION_COMMENTS = YES;
				CLANG_WARN_EMPTY_BODY = YES;
				CLANG_WARN_ENUM_CONVERSION = YES;
				CLANG_WARN_INFINITE_RECURSION = YES;
				CLANG_WARN_INT_CONVERSION = YES;
				CLANG_WARN_OBJC_ROOT_CLASS = YES_ERROR;
				CLANG_WARN_SUSPICIOUS_MOVES = YES;
				CLANG_WARN_UNREACHABLE_CODE = YES;
				CLANG_WARN__DUPLICATE_METHOD_MATCH = YES;
				CODE_SIGN_IDENTITY = "-";
				COPY_PHASE_STRIP = NO;
				DEBUG_INFORMATION_FORMAT = "dwarf-with-dsym";
				ENABLE_NS_ASSERTIONS = NO;
				ENABLE_STRICT_OBJC_MSGSEND = YES;
				GCC_C_LANGUAGE_STANDARD = gnu99;
				GCC_NO_COMMON_BLOCKS = YES;
				GCC_WARN_64_TO_32_BIT_CONVERSION = YES;
				GCC_WARN_ABOUT_RETURN_TYPE = YES_ERROR;
				GCC_WARN_UNDECLARED_SELECTOR = YES;
				GCC_WARN_UNINITIALIZED_AUTOS = YES_AGGRESSIVE;
				GCC_WARN_UNUSED_FUNCTION = YES;
				GCC_WARN_UNUSED_VARIABLE = YES;
				MACOSX_DEPLOYMENT_TARGET = 10.11;
				MTL_ENABLE_DEBUG_INFO = NO;
				SDKROOT = macosx;
			};
			name = Release;
		};
		D35BABDD1E5E91270035DDFC /* Debug */ = {
			isa = XCBuildConfiguration;
			buildSettings = {
				ASSETCATALOG_COMPILER_APPICON_NAME = AppIcon;
				COMBINE_HIDPI_IMAGES = YES;
				INFOPLIST_FILE = FaceBook/Info.plist;
				LD_RUNPATH_SEARCH_PATHS = "$(inherited) @executable_path/../Frameworks";
				PRODUCT_BUNDLE_IDENTIFIER = "Ca-CICCC.FaceBook";
				PRODUCT_NAME = "$(TARGET_NAME)";
			};
			name = Debug;
		};
		D35BABDE1E5E91270035DDFC /* Release */ = {
			isa = XCBuildConfiguration;
			buildSettings = {
				ASSETCATALOG_COMPILER_APPICON_NAME = AppIcon;
				COMBINE_HIDPI_IMAGES = YES;
				INFOPLIST_FILE = FaceBook/Info.plist;
				LD_RUNPATH_SEARCH_PATHS = "$(inherited) @executable_path/../Frameworks";
				PRODUCT_BUNDLE_IDENTIFIER = "Ca-CICCC.FaceBook";
				PRODUCT_NAME = "$(TARGET_NAME)";
			};
			name = Release;
		};
/* End XCBuildConfiguration section */

/* Begin XCConfigurationList section */
		D35BABC61E5E91270035DDFC /* Build configuration list for PBXProject "FaceBook" */ = {
			isa = XCConfigurationList;
			buildConfigurations = (
				D35BABDA1E5E91270035DDFC /* Debug */,
				D35BABDB1E5E91270035DDFC /* Release */,
			);
			defaultConfigurationIsVisible = 0;
			defaultConfigurationName = Release;
		};
		D35BABDC1E5E91270035DDFC /* Build configuration list for PBXNativeTarget "FaceBook" */ = {
			isa = XCConfigurationList;
			buildConfigurations = (
				D35BABDD1E5E91270035DDFC /* Debug */,
				D35BABDE1E5E91270035DDFC /* Release */,
			);
			defaultConfigurationIsVisible = 0;
			defaultConfigurationName = Release;
		};
/* End XCConfigurationList section */
	};
	rootObject = D35BABC31E5E91270035DDFC /* Project object */;
}
